
Microsoft Visual Studio Solution File, Format Version 12.00
# Visual Studio Version 16
VisualStudioVersion = 16.0.29613.14
MinimumVisualStudioVersion = 10.0.40219.1
Project("{9A19103F-16F7-4668-BE54-9A1E7A4F7556}") = "aps-plant-operation", "aps-plant-operation.csproj", "{8FFF1559-7DCF-4B8A-8235-1A4E270BE139}"
EndProject
Global
	GlobalSection(SolutionConfigurationPlatforms) = preSolution
		Debug|Any CPU = Debug|Any CPU
		Release|Any CPU = Release|Any CPU
	EndGlobalSection
	GlobalSection(ProjectConfigurationPlatforms) = postSolution
		{8FFF1559-7DCF-4B8A-8235-1A4E270BE139}.Debug|Any CPU.ActiveCfg = Debug|Any CPU
		{8FFF1559-7DCF-4B8A-8235-1A4E270BE139}.Debug|Any CPU.Build.0 = Debug|Any CPU
		{8FFF1559-7DCF-4B8A-8235-1A4E270BE139}.Release|Any CPU.ActiveCfg = Release|Any CPU
		{8FFF1559-7DCF-4B8A-8235-1A4E270BE139}.Release|Any CPU.Build.0 = Release|Any CPU
	EndGlobalSection
	GlobalSection(SolutionProperties) = preSolution
		HideSolutionNode = FALSE
	EndGlobalSection
	GlobalSection(ExtensibilityGlobals) = postSolution
		SolutionGuid = {B93C3039-1FA4-4662-AA82-EB36D327FD73}
	EndGlobalSection
EndGlobal
